// !$*UTF8*$!
{
	archiveVersion = 1;
	classes = {
	};
	objectVersion = 55;
	objects = {

/* Begin PBXBuildFile section */
		782134E128BDF8DB002ED29A /* AppDelegate.swift in Sources */ = {isa = PBXBuildFile; fileRef = 782134E028BDF8DB002ED29A /* AppDelegate.swift */; };
		782134E328BDF8DB002ED29A /* SceneDelegate.swift in Sources */ = {isa = PBXBuildFile; fileRef = 782134E228BDF8DB002ED29A /* SceneDelegate.swift */; };
		782134E528BDF8DB002ED29A /* ViewController.swift in Sources */ = {isa = PBXBuildFile; fileRef = 782134E428BDF8DB002ED29A /* ViewController.swift */; };
		782134E828BDF8DB002ED29A /* Main.storyboard in Resources */ = {isa = PBXBuildFile; fileRef = 782134E628BDF8DB002ED29A /* Main.storyboard */; };
		782134EA28BDF8DC002ED29A /* Assets.xcassets in Resources */ = {isa = PBXBuildFile; fileRef = 782134E928BDF8DC002ED29A /* Assets.xcassets */; };
		782134ED28BDF8DC002ED29A /* LaunchScreen.storyboard in Resources */ = {isa = PBXBuildFile; fileRef = 782134EB28BDF8DC002ED29A /* LaunchScreen.storyboard */; };
		782134F528BE25B7002ED29A /* CNNEmotions.mlmodel in Sources */ = {isa = PBXBuildFile; fileRef = 782134F428BE25B7002ED29A /* CNNEmotions.mlmodel */; };
		782134F828BE25CD002ED29A /* VideoTexturedFace.shader in Resources */ = {isa = PBXBuildFile; fileRef = 782134F628BE25CD002ED29A /* VideoTexturedFace.shader */; };
		782134F928BE25CD002ED29A /* VideoTexturedFace.swift in Sources */ = {isa = PBXBuildFile; fileRef = 782134F728BE25CD002ED29A /* VideoTexturedFace.swift */; };
/* End PBXBuildFile section */

/* Begin PBXFileReference section */
		782134DD28BDF8DB002ED29A /* BigFace.app */ = {isa = PBXFileReference; explicitFileType = wrapper.application; includeInIndex = 0; path = BigFace.app; sourceTree = BUILT_PRODUCTS_DIR; };
		782134E028BDF8DB002ED29A /* AppDelegate.swift */ = {isa = PBXFileReference; lastKnownFileType = sourcecode.swift; path = AppDelegate.swift; sourceTree = "<group>"; };
		782134E228BDF8DB002ED29A /* SceneDelegate.swift */ = {isa = PBXFileReference; lastKnownFileType = sourcecode.swift; path = SceneDelegate.swift; sourceTree = "<group>"; };
		782134E428BDF8DB002ED29A /* ViewController.swift */ = {isa = PBXFileReference; lastKnownFileType = sourcecode.swift; path = ViewController.swift; sourceTree = "<group>"; };
		782134E728BDF8DB002ED29A /* Base */ = {isa = PBXFileReference; lastKnownFileType = file.storyboard; name = Base; path = Base.lproj/Main.storyboard; sourceTree = "<group>"; };
		782134E928BDF8DC002ED29A /* Assets.xcassets */ = {isa = PBXFileReference; lastKnownFileType = folder.assetcatalog; path = Assets.xcassets; sourceTree = "<group>"; };
		782134EC28BDF8DC002ED29A /* Base */ = {isa = PBXFileReference; lastKnownFileType = file.storyboard; name = Base; path = Base.lproj/LaunchScreen.storyboard; sourceTree = "<group>"; };
		782134EE28BDF8DC002ED29A /* Info.plist */ = {isa = PBXFileReference; lastKnownFileType = text.plist.xml; path = Info.plist; sourceTree = "<group>"; };
		782134F428BE25B7002ED29A /* CNNEmotions.mlmodel */ = {isa = PBXFileReference; lastKnownFileType = file.mlmodel; path = CNNEmotions.mlmodel; sourceTree = "<group>"; };
		782134F628BE25CD002ED29A /* VideoTexturedFace.shader */ = {isa = PBXFileReference; fileEncoding = 4; lastKnownFileType = text; path = VideoTexturedFace.shader; sourceTree = "<group>"; };
		782134F728BE25CD002ED29A /* VideoTexturedFace.swift */ = {isa = PBXFileReference; fileEncoding = 4; lastKnownFileType = sourcecode.swift; path = VideoTexturedFace.swift; sourceTree = "<group>"; };
/* End PBXFileReference section */

/* Begin PBXFrameworksBuildPhase section */
		782134DA28BDF8DB002ED29A /* Frameworks */ = {
			isa = PBXFrameworksBuildPhase;
			buildActionMask = 2147483647;
			files = (
			);
			runOnlyForDeploymentPostprocessing = 0;
		};
/* End PBXFrameworksBuildPhase section */

/* Begin PBXGroup section */
		782134D428BDF8DB002ED29A = {
			isa = PBXGroup;
			children = (
				782134DF28BDF8DB002ED29A /* BigFace */,
				782134DE28BDF8DB002ED29A /* Products */,
			);
			sourceTree = "<group>";
		};
		782134DE28BDF8DB002ED29A /* Products */ = {
			isa = PBXGroup;
			children = (
				782134DD28BDF8DB002ED29A /* BigFace.app */,
			);
			name = Products;
			sourceTree = "<group>";
		};
		782134DF28BDF8DB002ED29A /* BigFace */ = {
			isa = PBXGroup;
			children = (
				782134E028BDF8DB002ED29A /* AppDelegate.swift */,
				782134E228BDF8DB002ED29A /* SceneDelegate.swift */,
				782134E428BDF8DB002ED29A /* ViewController.swift */,
				782134F428BE25B7002ED29A /* CNNEmotions.mlmodel */,
				782134F628BE25CD002ED29A /* VideoTexturedFace.shader */,
				782134F728BE25CD002ED29A /* VideoTexturedFace.swift */,
				782134E628BDF8DB002ED29A /* Main.storyboard */,
				782134E928BDF8DC002ED29A /* Assets.xcassets */,
				782134EB28BDF8DC002ED29A /* LaunchScreen.storyboard */,
				782134EE28BDF8DC002ED29A /* Info.plist */,
			);
			path = BigFace;
			sourceTree = "<group>";
		};
/* End PBXGroup section */

/* Begin PBXNativeTarget section */
		782134DC28BDF8DB002ED29A /* BigFace */ = {
			isa = PBXNativeTarget;
			buildConfigurationList = 782134F128BDF8DC002ED29A /* Build configuration list for PBXNativeTarget "BigFace" */;
			buildPhases = (
				782134D928BDF8DB002ED29A /* Sources */,
				782134DA28BDF8DB002ED29A /* Frameworks */,
				782134DB28BDF8DB002ED29A /* Resources */,
			);
			buildRules = (
			);
			dependencies = (
			);
			name = BigFace;
			productName = BigFace;
			productReference = 782134DD28BDF8DB002ED29A /* BigFace.app */;
			productType = "com.apple.product-type.application";
		};
/* End PBXNativeTarget section */

/* Begin PBXProject section */
		782134D528BDF8DB002ED29A /* Project object */ = {
			isa = PBXProject;
			attributes = {
				BuildIndependentTargetsInParallel = 1;
				LastSwiftUpdateCheck = 1330;
				LastUpgradeCheck = 1330;
				TargetAttributes = {
					782134DC28BDF8DB002ED29A = {
						CreatedOnToolsVersion = 13.3;
					};
				};
			};
			buildConfigurationList = 782134D828BDF8DB002ED29A /* Build configuration list for PBXProject "BigFace" */;
			compatibilityVersion = "Xcode 13.0";
			developmentRegion = en;
			hasScannedForEncodings = 0;
			knownRegions = (
				en,
				Base,
			);
			mainGroup = 782134D428BDF8DB002ED29A;
			productRefGroup = 782134DE28BDF8DB002ED29A /* Products */;
			projectDirPath = "";
			projectRoot = "";
			targets = (
				782134DC28BDF8DB002ED29A /* BigFace */,
			);
		};
/* End PBXProject section */

/* Begin PBXResourcesBuildPhase section */
		782134DB28BDF8DB002ED29A /* Resources */ = {
			isa = PBXResourcesBuildPhase;
			buildActionMask = 2147483647;
			files = (
				782134F828BE25CD002ED29A /* VideoTexturedFace.shader in Resources */,
				782134ED28BDF8DC002ED29A /* LaunchScreen.storyboard in Resources */,
				782134EA28BDF8DC002ED29A /* Assets.xcassets in Resources */,
				782134E828BDF8DB002ED29A /* Main.storyboard in Resources */,
			);
			runOnlyForDeploymentPostprocessing = 0;
		};
/* End PBXResourcesBuildPhase section */

/* Begin PBXSourcesBuildPhase section */
		782134D928BDF8DB002ED29A /* Sources */ = {
			isa = PBXSourcesBuildPhase;
			buildActionMask = 2147483647;
			files = (
				782134F928BE25CD002ED29A /* VideoTexturedFace.swift in Sources */,
				782134F528BE25B7002ED29A /* CNNEmotions.mlmodel in Sources */,
				782134E528BDF8DB002ED29A /* ViewController.swift in Sources */,
				782134E128BDF8DB002ED29A /* AppDelegate.swift in Sources */,
				782134E328BDF8DB002ED29A /* SceneDelegate.swift in Sources */,
			);
			runOnlyForDeploymentPostprocessing = 0;
		};
/* End PBXSourcesBuildPhase section */

/* Begin PBXVariantGroup section */
		782134E628BDF8DB002ED29A /* Main.storyboard */ = {
			isa = PBXVariantGroup;
			children = (
				782134E728BDF8DB002ED29A /* Base */,
			);
			name = Main.storyboard;
			sourceTree = "<group>";
		};
		782134EB28BDF8DC002ED29A /* LaunchScreen.storyboard */ = {
			isa = PBXVariantGroup;
			children = (
				782134EC28BDF8DC002ED29A /* Base */,
			);
			name = LaunchScreen.storyboard;
			sourceTree = "<group>";
		};
/* End PBXVariantGroup section */

/* Begin XCBuildConfiguration section */
		782134EF28BDF8DC002ED29A /* Debug */ = {
			isa = XCBuildConfiguration;
			buildSettings = {
				ALWAYS_SEARCH_USER_PATHS = NO;
				CLANG_ANALYZER_NONNULL = YES;
				CLANG_ANALYZER_NUMBER_OBJECT_CONVERSION = YES_AGGRESSIVE;
				CLANG_CXX_LANGUAGE_STANDARD = "gnu++17";
				CLANG_ENABLE_MODULES = YES;
				CLANG_ENABLE_OBJC_ARC = YES;
				CLANG_ENABLE_OBJC_WEAK = YES;
				CLANG_WARN_BLOCK_CAPTURE_AUTORELEASING = YES;
				CLANG_WARN_BOOL_CONVERSION = YES;
				CLANG_WARN_COMMA = YES;
				CLANG_WARN_CONSTANT_CONVERSION = YES;
				CLANG_WARN_DEPRECATED_OBJC_IMPLEMENTATIONS = YES;
				CLANG_WARN_DIRECT_OBJC_ISA_USAGE = YES_ERROR;
				CLANG_WARN_DOCUMENTATION_COMMENTS = YES;
				CLANG_WARN_EMPTY_BODY = YES;
				CLANG_WARN_ENUM_CONVERSION = YES;
				CLANG_WARN_INFINITE_RECURSION = YES;
				CLANG_WARN_INT_CONVERSION = YES;
				CLANG_WARN_NON_LITERAL_NULL_CONVERSION = YES;
				CLANG_WARN_OBJC_IMPLICIT_RETAIN_SELF = YES;
				CLANG_WARN_OBJC_LITERAL_CONVERSION = YES;
				CLANG_WARN_OBJC_ROOT_CLASS = YES_ERROR;
				CLANG_WARN_QUOTED_INCLUDE_IN_FRAMEWORK_HEADER = YES;
				CLANG_WARN_RANGE_LOOP_ANALYSIS = YES;
				CLANG_WARN_STRICT_PROTOTYPES = YES;
				CLANG_WARN_SUSPICIOUS_MOVE = YES;
				CLANG_WARN_UNGUARDED_AVAILABILITY = YES_AGGRESSIVE;
				CLANG_WARN_UNREACHABLE_CODE = YES;
				CLANG_WARN__DUPLICATE_METHOD_MATCH = YES;
				COPY_PHASE_STRIP = NO;
				DEBUG_INFORMATION_FORMAT = dwarf;
				ENABLE_STRICT_OBJC_MSGSEND = YES;
				ENABLE_TESTABILITY = YES;
				GCC_C_LANGUAGE_STANDARD = gnu11;
				GCC_DYNAMIC_NO_PIC = NO;
				GCC_NO_COMMON_BLOCKS = YES;
				GCC_OPTIMIZATION_LEVEL = 0;
				GCC_PREPROCESSOR_DEFINITIONS = (
					"DEBUG=1",
					"$(inherited)",
				);
				GCC_WARN_64_TO_32_BIT_CONVERSION = YES;
				GCC_WARN_ABOUT_RETURN_TYPE = YES_ERROR;
				GCC_WARN_UNDECLARED_SELECTOR = YES;
				GCC_WARN_UNINITIALIZED_AUTOS = YES_AGGRESSIVE;
				GCC_WARN_UNUSED_FUNCTION = YES;
				GCC_WARN_UNUSED_VARIABLE = YES;
				IPHONEOS_DEPLOYMENT_TARGET = 15.4;
				MTL_ENABLE_DEBUG_INFO = INCLUDE_SOURCE;
				MTL_FAST_MATH = YES;
				ONLY_ACTIVE_ARCH = YES;
				SDKROOT = iphoneos;
				SWIFT_ACTIVE_COMPILATION_CONDITIONS = DEBUG;
				SWIFT_OPTIMIZATION_LEVEL = "-Onone";
			};
			name = Debug;
		};
		782134F028BDF8DC002ED29A /* Release */ = {
			isa = XCBuildConfiguration;
			buildSettings = {
				ALWAYS_SEARCH_USER_PATHS = NO;
				CLANG_ANALYZER_NONNULL = YES;
				CLANG_ANALYZER_NUMBER_OBJECT_CONVERSION = YES_AGGRESSIVE;
				CLANG_CXX_LANGUAGE_STANDARD = "gnu++17";
				CLANG_ENABLE_MODULES = YES;
				CLANG_ENABLE_OBJC_ARC = YES;
				CLANG_ENABLE_OBJC_WEAK = YES;
				CLANG_WARN_BLOCK_CAPTURE_AUTORELEASING = YES;
				CLANG_WARN_BOOL_CONVERSION = YES;
				CLANG_WARN_COMMA = YES;
				CLANG_WARN_CONSTANT_CONVERSION = YES;
				CLANG_WARN_DEPRECATED_OBJC_IMPLEMENTATIONS = YES;
				CLANG_WARN_DIRECT_OBJC_ISA_USAGE = YES_ERROR;
				CLANG_WARN_DOCUMENTATION_COMMENTS = YES;
				CLANG_WARN_EMPTY_BODY = YES;
				CLANG_WARN_ENUM_CONVERSION = YES;
				CLANG_WARN_INFINITE_RECURSION = YES;
				CLANG_WARN_INT_CONVERSION = YES;
				CLANG_WARN_NON_LITERAL_NULL_CONVERSION = YES;
				CLANG_WARN_OBJC_IMPLICIT_RETAIN_SELF = YES;
				CLANG_WARN_OBJC_LITERAL_CONVERSION = YES;
				CLANG_WARN_OBJC_ROOT_CLASS = YES_ERROR;
				CLANG_WARN_QUOTED_INCLUDE_IN_FRAMEWORK_HEADER = YES;
				CLANG_WARN_RANGE_LOOP_ANALYSIS = YES;
				CLANG_WARN_STRICT_PROTOTYPES = YES;
				CLANG_WARN_SUSPICIOUS_MOVE = YES;
				CLANG_WARN_UNGUARDED_AVAILABILITY = YES_AGGRESSIVE;
				CLANG_WARN_UNREACHABLE_CODE = YES;
				CLANG_WARN__DUPLICATE_METHOD_MATCH = YES;
				COPY_PHASE_STRIP = NO;
				DEBUG_INFORMATION_FORMAT = "dwarf-with-dsym";
				ENABLE_NS_ASSERTIONS = NO;
				ENABLE_STRICT_OBJC_MSGSEND = YES;
				GCC_C_LANGUAGE_STANDARD = gnu11;
				GCC_NO_COMMON_BLOCKS = YES;
				GCC_WARN_64_TO_32_BIT_CONVERSION = YES;
				GCC_WARN_ABOUT_RETURN_TYPE = YES_ERROR;
				GCC_WARN_UNDECLARED_SELECTOR = YES;
				GCC_WARN_UNINITIALIZED_AUTOS = YES_AGGRESSIVE;
				GCC_WARN_UNUSED_FUNCTION = YES;
				GCC_WARN_UNUSED_VARIABLE = YES;
				IPHONEOS_DEPLOYMENT_TARGET = 15.4;
				MTL_ENABLE_DEBUG_INFO = NO;
				MTL_FAST_MATH = YES;
				SDKROOT = iphoneos;
				SWIFT_COMPILATION_MODE = wholemodule;
				SWIFT_OPTIMIZATION_LEVEL = "-O";
				VALIDATE_PRODUCT = YES;
			};
			name = Release;
		};
		782134F228BDF8DC002ED29A /* Debug */ = {
			isa = XCBuildConfiguration;
			buildSettings = {
				ASSETCATALOG_COMPILER_APPICON_NAME = AppIcon;
				ASSETCATALOG_COMPILER_GLOBAL_ACCENT_COLOR_NAME = AccentColor;
				CODE_SIGN_STYLE = Automatic;
				CURRENT_PROJECT_VERSION = 1;
				DEVELOPMENT_TEAM = MSUF83HQ8R;
				GENERATE_INFOPLIST_FILE = YES;
				INFOPLIST_FILE = BigFace/Info.plist;
				INFOPLIST_KEY_UIApplicationSupportsIndirectInputEvents = YES;
				INFOPLIST_KEY_UILaunchStoryboardName = LaunchScreen;
				INFOPLIST_KEY_UIMainStoryboardFile = Main;
				INFOPLIST_KEY_UISupportedInterfaceOrientations = UIInterfaceOrientationPortrait;
				INFOPLIST_KEY_UISupportedInterfaceOrientations_iPad = "UIInterfaceOrientationPortrait UIInterfaceOrientationPortraitUpsideDown UIInterfaceOrientationLandscapeLeft UIInterfaceOrientationLandscapeRight";
				INFOPLIST_KEY_UISupportedInterfaceOrientations_iPhone = "UIInterfaceOrientationPortrait UIInterfaceOrientationLandscapeLeft UIInterfaceOrientationLandscapeRight";
				IPHONEOS_DEPLOYMENT_TARGET = 15.0;
				LD_RUNPATH_SEARCH_PATHS = (
					"$(inherited)",
					"@executable_path/Frameworks",
				);
				MARKETING_VERSION = 1.0;
				PRODUCT_BUNDLE_IDENTIFIER = com.dodo.BigFace;
				PRODUCT_NAME = "$(TARGET_NAME)";
				SWIFT_EMIT_LOC_STRINGS = YES;
				SWIFT_VERSION = 5.0;
				TARGETED_DEVICE_FAMILY = "1,2";
			};
			name = Debug;
		};
		782134F328BDF8DC002ED29A /* Release */ = {
			isa = XCBuildConfiguration;
			buildSettings = {
				ASSETCATALOG_COMPILER_APPICON_NAME = AppIcon;
				ASSETCATALOG_COMPILER_GLOBAL_ACCENT_COLOR_NAME = AccentColor;
				CODE_SIGN_STYLE = Automatic;
				CURRENT_PROJECT_VERSION = 1;
				DEVELOPMENT_TEAM = MSUF83HQ8R;
				GENERATE_INFOPLIST_FILE = YES;
				INFOPLIST_FILE = BigFace/Info.plist;
				INFOPLIST_KEY_UIApplicationSupportsIndirectInputEvents = YES;
				INFOPLIST_KEY_UILaunchStoryboardName = LaunchScreen;
				INFOPLIST_KEY_UIMainStoryboardFile = Main;
				INFOPLIST_KEY_UISupportedInterfaceOrientations = UIInterfaceOrientationPortrait;
				INFOPLIST_KEY_UISupportedInterfaceOrientations_iPad = "UIInterfaceOrientationPortrait UIInterfaceOrientationPortraitUpsideDown UIInterfaceOrientationLandscapeLeft UIInterfaceOrientationLandscapeRight";
				INFOPLIST_KEY_UISupportedInterfaceOrientations_iPhone = "UIInterfaceOrientationPortrait UIInterfaceOrientationLandscapeLeft UIInterfaceOrientationLandscapeRight";
				IPHONEOS_DEPLOYMENT_TARGET = 15.0;
				LD_RUNPATH_SEARCH_PATHS = (
					"$(inherited)",
					"@executable_path/Frameworks",
				);
				MARKETING_VERSION = 1.0;
				PRODUCT_BUNDLE_IDENTIFIER = com.dodo.BigFace;
				PRODUCT_NAME = "$(TARGET_NAME)";
				SWIFT_EMIT_LOC_STRINGS = YES;
				SWIFT_VERSION = 5.0;
				TARGETED_DEVICE_FAMILY = "1,2";
			};
			name = Release;
		};
/* End XCBuildConfiguration section */

/* Begin XCConfigurationList section */
		782134D828BDF8DB002ED29A /* Build configuration list for PBXProject "BigFace" */ = {
			isa = XCConfigurationList;
			buildConfigurations = (
				782134EF28BDF8DC002ED29A /* Debug */,
				782134F028BDF8DC002ED29A /* Release */,
			);
			defaultConfigurationIsVisible = 0;
			defaultConfigurationName = Release;
		};
		782134F128BDF8DC002ED29A /* Build configuration list for PBXNativeTarget "BigFace" */ = {
			isa = XCConfigurationList;
			buildConfigurations = (
				782134F228BDF8DC002ED29A /* Debug */,
				782134F328BDF8DC002ED29A /* Release */,
			);
			defaultConfigurationIsVisible = 0;
			defaultConfigurationName = Release;
		};
/* End XCConfigurationList section */
	};
	rootObject = 782134D528BDF8DB002ED29A /* Project object */;
}
